<?xml version="1.0" encoding="utf-8"?>
<Project ToolsVersion="4.0" xmlns="http://schemas.microsoft.com/developer/msbuild/2003">
  <ItemGroup>
    <Filter Include="Source Files">
      <UniqueIdentifier>{4b418fef-507f-4050-90ae-f800c1a04751}</UniqueIdentifier>
      <Extensions>cpp;c;cxx;rc;def;r;odl;idl;hpj;bat</Extensions>
    </Filter>
    <Filter Include="Header Files">
      <UniqueIdentifier>{f49cf8bc-2ad3-4487-bd95-b1faefce357b}</UniqueIdentifier>
      <Extensions>h;hpp;hxx;hm;inl</Extensions>
    </Filter>
    <Filter Include="Resource Files">
      <UniqueIdentifier>{b00bec6c-2eb5-49d1-91d0-456f0d265578}</UniqueIdentifier>
      <Extensions>ico;cur;bmp;dlg;rc2;rct;bin;rgs;gif;jpg;jpeg;jpe</Extensions>
    </Filter>
  </ItemGroup>
  <ItemGroup>
    <ClCompile Include="KWnd.cpp">
      <Filter>Source Files</Filter>
    </ClCompile>
    <ClCompile Include="MmTimerTest.cpp">
      <Filter>Source Files</Filter>
    </ClCompile>
  </ItemGroup>
  <ItemGroup>
    <ClInclude Include="KTimer.h">
      <Filter>Header Files</Filter>
    </ClInclude>
    <ClInclude Include="KWnd.h">
      <Filter>Header Files</Filter>
    </ClInclude>
  </ItemGroup>
</Project>